// !$*UTF8*$!
{
	archiveVersion = 1;
	classes = {
	};
	objectVersion = 50;
	objects = {

/* Begin PBXBuildFile section */
		F7FA086526FCFDBE00AA73D5 /* AppDelegate.swift in Sources */ = {isa = PBXBuildFile; fileRef = F7FA086426FCFDBE00AA73D5 /* AppDelegate.swift */; };
		F7FA086726FCFDBE00AA73D5 /* SceneDelegate.swift in Sources */ = {isa = PBXBuildFile; fileRef = F7FA086626FCFDBE00AA73D5 /* SceneDelegate.swift */; };
		F7FA086926FCFDBE00AA73D5 /* ViewController.swift in Sources */ = {isa = PBXBuildFile; fileRef = F7FA086826FCFDBE00AA73D5 /* ViewController.swift */; };
		F7FA086C26FCFDBE00AA73D5 /* Main.storyboard in Resources */ = {isa = PBXBuildFile; fileRef = F7FA086A26FCFDBE00AA73D5 /* Main.storyboard */; };
		F7FA086E26FCFDC000AA73D5 /* Assets.xcassets in Resources */ = {isa = PBXBuildFile; fileRef = F7FA086D26FCFDC000AA73D5 /* Assets.xcassets */; };
		F7FA087126FCFDC000AA73D5 /* LaunchScreen.storyboard in Resources */ = {isa = PBXBuildFile; fileRef = F7FA086F26FCFDC000AA73D5 /* LaunchScreen.storyboard */; };
		F7FA087C26FCFDC100AA73D5 /* FlixTests.swift in Sources */ = {isa = PBXBuildFile; fileRef = F7FA087B26FCFDC100AA73D5 /* FlixTests.swift */; };
		F7FA088726FCFDC100AA73D5 /* FlixUITests.swift in Sources */ = {isa = PBXBuildFile; fileRef = F7FA088626FCFDC100AA73D5 /* FlixUITests.swift */; };
/* End PBXBuildFile section */

/* Begin PBXContainerItemProxy section */
		F7FA087826FCFDC100AA73D5 /* PBXContainerItemProxy */ = {
			isa = PBXContainerItemProxy;
			containerPortal = F7FA085926FCFDBE00AA73D5 /* Project object */;
			proxyType = 1;
			remoteGlobalIDString = F7FA086026FCFDBE00AA73D5;
			remoteInfo = Flix;
		};
		F7FA088326FCFDC100AA73D5 /* PBXContainerItemProxy */ = {
			isa = PBXContainerItemProxy;
			containerPortal = F7FA085926FCFDBE00AA73D5 /* Project object */;
			proxyType = 1;
			remoteGlobalIDString = F7FA086026FCFDBE00AA73D5;
			remoteInfo = Flix;
		};
/* End PBXContainerItemProxy section */

/* Begin PBXFileReference section */
		F7FA086126FCFDBE00AA73D5 /* Flix.app */ = {isa = PBXFileReference; explicitFileType = wrapper.application; includeInIndex = 0; path = Flix.app; sourceTree = BUILT_PRODUCTS_DIR; };
		F7FA086426FCFDBE00AA73D5 /* AppDelegate.swift */ = {isa = PBXFileReference; lastKnownFileType = sourcecode.swift; path = AppDelegate.swift; sourceTree = "<group>"; };
		F7FA086626FCFDBE00AA73D5 /* SceneDelegate.swift */ = {isa = PBXFileReference; lastKnownFileType = sourcecode.swift; path = SceneDelegate.swift; sourceTree = "<group>"; };
		F7FA086826FCFDBE00AA73D5 /* ViewController.swift */ = {isa = PBXFileReference; lastKnownFileType = sourcecode.swift; path = ViewController.swift; sourceTree = "<group>"; };
		F7FA086B26FCFDBE00AA73D5 /* Base */ = {isa = PBXFileReference; lastKnownFileType = file.storyboard; name = Base; path = Base.lproj/Main.storyboard; sourceTree = "<group>"; };
		F7FA086D26FCFDC000AA73D5 /* Assets.xcassets */ = {isa = PBXFileReference; lastKnownFileType = folder.assetcatalog; path = Assets.xcassets; sourceTree = "<group>"; };
		F7FA087026FCFDC000AA73D5 /* Base */ = {isa = PBXFileReference; lastKnownFileType = file.storyboard; name = Base; path = Base.lproj/LaunchScreen.storyboard; sourceTree = "<group>"; };
		F7FA087226FCFDC000AA73D5 /* Info.plist */ = {isa = PBXFileReference; lastKnownFileType = text.plist.xml; path = Info.plist; sourceTree = "<group>"; };
		F7FA087726FCFDC100AA73D5 /* FlixTests.xctest */ = {isa = PBXFileReference; explicitFileType = wrapper.cfbundle; includeInIndex = 0; path = FlixTests.xctest; sourceTree = BUILT_PRODUCTS_DIR; };
		F7FA087B26FCFDC100AA73D5 /* FlixTests.swift */ = {isa = PBXFileReference; lastKnownFileType = sourcecode.swift; path = FlixTests.swift; sourceTree = "<group>"; };
		F7FA087D26FCFDC100AA73D5 /* Info.plist */ = {isa = PBXFileReference; lastKnownFileType = text.plist.xml; path = Info.plist; sourceTree = "<group>"; };
		F7FA088226FCFDC100AA73D5 /* FlixUITests.xctest */ = {isa = PBXFileReference; explicitFileType = wrapper.cfbundle; includeInIndex = 0; path = FlixUITests.xctest; sourceTree = BUILT_PRODUCTS_DIR; };
		F7FA088626FCFDC100AA73D5 /* FlixUITests.swift */ = {isa = PBXFileReference; lastKnownFileType = sourcecode.swift; path = FlixUITests.swift; sourceTree = "<group>"; };
		F7FA088826FCFDC100AA73D5 /* Info.plist */ = {isa = PBXFileReference; lastKnownFileType = text.plist.xml; path = Info.plist; sourceTree = "<group>"; };
/* End PBXFileReference section */

/* Begin PBXFrameworksBuildPhase section */
		F7FA085E26FCFDBE00AA73D5 /* Frameworks */ = {
			isa = PBXFrameworksBuildPhase;
			buildActionMask = 2147483647;
			files = (
			);
			runOnlyForDeploymentPostprocessing = 0;
		};
		F7FA087426FCFDC100AA73D5 /* Frameworks */ = {
			isa = PBXFrameworksBuildPhase;
			buildActionMask = 2147483647;
			files = (
			);
			runOnlyForDeploymentPostprocessing = 0;
		};
		F7FA087F26FCFDC100AA73D5 /* Frameworks */ = {
			isa = PBXFrameworksBuildPhase;
			buildActionMask = 2147483647;
			files = (
			);
			runOnlyForDeploymentPostprocessing = 0;
		};
/* End PBXFrameworksBuildPhase section */

/* Begin PBXGroup section */
		F7FA085826FCFDBE00AA73D5 = {
			isa = PBXGroup;
			children = (
				F7FA086326FCFDBE00AA73D5 /* Flix */,
				F7FA087A26FCFDC100AA73D5 /* FlixTests */,
				F7FA088526FCFDC100AA73D5 /* FlixUITests */,
				F7FA086226FCFDBE00AA73D5 /* Products */,
			);
			sourceTree = "<group>";
		};
		F7FA086226FCFDBE00AA73D5 /* Products */ = {
			isa = PBXGroup;
			children = (
				F7FA086126FCFDBE00AA73D5 /* Flix.app */,
				F7FA087726FCFDC100AA73D5 /* FlixTests.xctest */,
				F7FA088226FCFDC100AA73D5 /* FlixUITests.xctest */,
			);
			name = Products;
			sourceTree = "<group>";
		};
		F7FA086326FCFDBE00AA73D5 /* Flix */ = {
			isa = PBXGroup;
			children = (
				F7FA086426FCFDBE00AA73D5 /* AppDelegate.swift */,
				F7FA086626FCFDBE00AA73D5 /* SceneDelegate.swift */,
				F7FA086826FCFDBE00AA73D5 /* ViewController.swift */,
				F7FA086A26FCFDBE00AA73D5 /* Main.storyboard */,
				F7FA086D26FCFDC000AA73D5 /* Assets.xcassets */,
				F7FA086F26FCFDC000AA73D5 /* LaunchScreen.storyboard */,
				F7FA087226FCFDC000AA73D5 /* Info.plist */,
			);
			path = Flix;
			sourceTree = "<group>";
		};
		F7FA087A26FCFDC100AA73D5 /* FlixTests */ = {
			isa = PBXGroup;
			children = (
				F7FA087B26FCFDC100AA73D5 /* FlixTests.swift */,
				F7FA087D26FCFDC100AA73D5 /* Info.plist */,
			);
			path = FlixTests;
			sourceTree = "<group>";
		};
		F7FA088526FCFDC100AA73D5 /* FlixUITests */ = {
			isa = PBXGroup;
			children = (
				F7FA088626FCFDC100AA73D5 /* FlixUITests.swift */,
				F7FA088826FCFDC100AA73D5 /* Info.plist */,
			);
			path = FlixUITests;
			sourceTree = "<group>";
		};
/* End PBXGroup section */

/* Begin PBXNativeTarget section */
		F7FA086026FCFDBE00AA73D5 /* Flix */ = {
			isa = PBXNativeTarget;
			buildConfigurationList = F7FA088B26FCFDC100AA73D5 /* Build configuration list for PBXNativeTarget "Flix" */;
			buildPhases = (
				F7FA085D26FCFDBE00AA73D5 /* Sources */,
				F7FA085E26FCFDBE00AA73D5 /* Frameworks */,
				F7FA085F26FCFDBE00AA73D5 /* Resources */,
			);
			buildRules = (
			);
			dependencies = (
			);
			name = Flix;
			productName = Flix;
			productReference = F7FA086126FCFDBE00AA73D5 /* Flix.app */;
			productType = "com.apple.product-type.application";
		};
		F7FA087626FCFDC100AA73D5 /* FlixTests */ = {
			isa = PBXNativeTarget;
			buildConfigurationList = F7FA088E26FCFDC100AA73D5 /* Build configuration list for PBXNativeTarget "FlixTests" */;
			buildPhases = (
				F7FA087326FCFDC100AA73D5 /* Sources */,
				F7FA087426FCFDC100AA73D5 /* Frameworks */,
				F7FA087526FCFDC100AA73D5 /* Resources */,
			);
			buildRules = (
			);
			dependencies = (
				F7FA087926FCFDC100AA73D5 /* PBXTargetDependency */,
			);
			name = FlixTests;
			productName = FlixTests;
			productReference = F7FA087726FCFDC100AA73D5 /* FlixTests.xctest */;
			productType = "com.apple.product-type.bundle.unit-test";
		};
		F7FA088126FCFDC100AA73D5 /* FlixUITests */ = {
			isa = PBXNativeTarget;
			buildConfigurationList = F7FA089126FCFDC100AA73D5 /* Build configuration list for PBXNativeTarget "FlixUITests" */;
			buildPhases = (
				F7FA087E26FCFDC100AA73D5 /* Sources */,
				F7FA087F26FCFDC100AA73D5 /* Frameworks */,
				F7FA088026FCFDC100AA73D5 /* Resources */,
			);
			buildRules = (
			);
			dependencies = (
				F7FA088426FCFDC100AA73D5 /* PBXTargetDependency */,
			);
			name = FlixUITests;
			productName = FlixUITests;
			productReference = F7FA088226FCFDC100AA73D5 /* FlixUITests.xctest */;
			productType = "com.apple.product-type.bundle.ui-testing";
		};
/* End PBXNativeTarget section */

/* Begin PBXProject section */
		F7FA085926FCFDBE00AA73D5 /* Project object */ = {
			isa = PBXProject;
			attributes = {
				LastSwiftUpdateCheck = 1250;
				LastUpgradeCheck = 1250;
				TargetAttributes = {
					F7FA086026FCFDBE00AA73D5 = {
						CreatedOnToolsVersion = 12.5.1;
					};
					F7FA087626FCFDC100AA73D5 = {
						CreatedOnToolsVersion = 12.5.1;
						TestTargetID = F7FA086026FCFDBE00AA73D5;
					};
					F7FA088126FCFDC100AA73D5 = {
						CreatedOnToolsVersion = 12.5.1;
						TestTargetID = F7FA086026FCFDBE00AA73D5;
					};
				};
			};
			buildConfigurationList = F7FA085C26FCFDBE00AA73D5 /* Build configuration list for PBXProject "Flix" */;
			compatibilityVersion = "Xcode 9.3";
			developmentRegion = en;
			hasScannedForEncodings = 0;
			knownRegions = (
				en,
				Base,
			);
			mainGroup = F7FA085826FCFDBE00AA73D5;
			productRefGroup = F7FA086226FCFDBE00AA73D5 /* Products */;
			projectDirPath = "";
			projectRoot = "";
			targets = (
				F7FA086026FCFDBE00AA73D5 /* Flix */,
				F7FA087626FCFDC100AA73D5 /* FlixTests */,
				F7FA088126FCFDC100AA73D5 /* FlixUITests */,
			);
		};
/* End PBXProject section */

/* Begin PBXResourcesBuildPhase section */
		F7FA085F26FCFDBE00AA73D5 /* Resources */ = {
			isa = PBXResourcesBuildPhase;
			buildActionMask = 2147483647;
			files = (
				F7FA087126FCFDC000AA73D5 /* LaunchScreen.storyboard in Resources */,
				F7FA086E26FCFDC000AA73D5 /* Assets.xcassets in Resources */,
				F7FA086C26FCFDBE00AA73D5 /* Main.storyboard in Resources */,
			);
			runOnlyForDeploymentPostprocessing = 0;
		};
		F7FA087526FCFDC100AA73D5 /* Resources */ = {
			isa = PBXResourcesBuildPhase;
			buildActionMask = 2147483647;
			files = (
			);
			runOnlyForDeploymentPostprocessing = 0;
		};
		F7FA088026FCFDC100AA73D5 /* Resources */ = {
			isa = PBXResourcesBuildPhase;
			buildActionMask = 2147483647;
			files = (
			);
			runOnlyForDeploymentPostprocessing = 0;
		};
/* End PBXResourcesBuildPhase section */

/* Begin PBXSourcesBuildPhase section */
		F7FA085D26FCFDBE00AA73D5 /* Sources */ = {
			isa = PBXSourcesBuildPhase;
			buildActionMask = 2147483647;
			files = (
				F7FA086926FCFDBE00AA73D5 /* ViewController.swift in Sources */,
				F7FA086526FCFDBE00AA73D5 /* AppDelegate.swift in Sources */,
				F7FA086726FCFDBE00AA73D5 /* SceneDelegate.swift in Sources */,
			);
			runOnlyForDeploymentPostprocessing = 0;
		};
		F7FA087326FCFDC100AA73D5 /* Sources */ = {
			isa = PBXSourcesBuildPhase;
			buildActionMask = 2147483647;
			files = (
				F7FA087C26FCFDC100AA73D5 /* FlixTests.swift in Sources */,
			);
			runOnlyForDeploymentPostprocessing = 0;
		};
		F7FA087E26FCFDC100AA73D5 /* Sources */ = {
			isa = PBXSourcesBuildPhase;
			buildActionMask = 2147483647;
			files = (
				F7FA088726FCFDC100AA73D5 /* FlixUITests.swift in Sources */,
			);
			runOnlyForDeploymentPostprocessing = 0;
		};
/* End PBXSourcesBuildPhase section */

/* Begin PBXTargetDependency section */
		F7FA087926FCFDC100AA73D5 /* PBXTargetDependency */ = {
			isa = PBXTargetDependency;
			target = F7FA086026FCFDBE00AA73D5 /* Flix */;
			targetProxy = F7FA087826FCFDC100AA73D5 /* PBXContainerItemProxy */;
		};
		F7FA088426FCFDC100AA73D5 /* PBXTargetDependency */ = {
			isa = PBXTargetDependency;
			target = F7FA086026FCFDBE00AA73D5 /* Flix */;
			targetProxy = F7FA088326FCFDC100AA73D5 /* PBXContainerItemProxy */;
		};
/* End PBXTargetDependency section */

/* Begin PBXVariantGroup section */
		F7FA086A26FCFDBE00AA73D5 /* Main.storyboard */ = {
			isa = PBXVariantGroup;
			children = (
				F7FA086B26FCFDBE00AA73D5 /* Base */,
			);
			name = Main.storyboard;
			sourceTree = "<group>";
		};
		F7FA086F26FCFDC000AA73D5 /* LaunchScreen.storyboard */ = {
			isa = PBXVariantGroup;
			children = (
				F7FA087026FCFDC000AA73D5 /* Base */,
			);
			name = LaunchScreen.storyboard;
			sourceTree = "<group>";
		};
/* End PBXVariantGroup section */

/* Begin XCBuildConfiguration section */
		F7FA088926FCFDC100AA73D5 /* Debug */ = {
			isa = XCBuildConfiguration;
			buildSettings = {
				ALWAYS_SEARCH_USER_PATHS = NO;
				CLANG_ANALYZER_NONNULL = YES;
				CLANG_ANALYZER_NUMBER_OBJECT_CONVERSION = YES_AGGRESSIVE;
				CLANG_CXX_LANGUAGE_STANDARD = "gnu++14";
				CLANG_CXX_LIBRARY = "libc++";
				CLANG_ENABLE_MODULES = YES;
				CLANG_ENABLE_OBJC_ARC = YES;
				CLANG_ENABLE_OBJC_WEAK = YES;
				CLANG_WARN_BLOCK_CAPTURE_AUTORELEASING = YES;
				CLANG_WARN_BOOL_CONVERSION = YES;
				CLANG_WARN_COMMA = YES;
				CLANG_WARN_CONSTANT_CONVERSION = YES;
				CLANG_WARN_DEPRECATED_OBJC_IMPLEMENTATIONS = YES;
				CLANG_WARN_DIRECT_OBJC_ISA_USAGE = YES_ERROR;
				CLANG_WARN_DOCUMENTATION_COMMENTS = YES;
				CLANG_WARN_EMPTY_BODY = YES;
				CLANG_WARN_ENUM_CONVERSION = YES;
				CLANG_WARN_INFINITE_RECURSION = YES;
				CLANG_WARN_INT_CONVERSION = YES;
				CLANG_WARN_NON_LITERAL_NULL_CONVERSION = YES;
				CLANG_WARN_OBJC_IMPLICIT_RETAIN_SELF = YES;
				CLANG_WARN_OBJC_LITERAL_CONVERSION = YES;
				CLANG_WARN_OBJC_ROOT_CLASS = YES_ERROR;
				CLANG_WARN_QUOTED_INCLUDE_IN_FRAMEWORK_HEADER = YES;
				CLANG_WARN_RANGE_LOOP_ANALYSIS = YES;
				CLANG_WARN_STRICT_PROTOTYPES = YES;
				CLANG_WARN_SUSPICIOUS_MOVE = YES;
				CLANG_WARN_UNGUARDED_AVAILABILITY = YES_AGGRESSIVE;
				CLANG_WARN_UNREACHABLE_CODE = YES;
				CLANG_WARN__DUPLICATE_METHOD_MATCH = YES;
				COPY_PHASE_STRIP = NO;
				DEBUG_INFORMATION_FORMAT = dwarf;
				ENABLE_STRICT_OBJC_MSGSEND = YES;
				ENABLE_TESTABILITY = YES;
				GCC_C_LANGUAGE_STANDARD = gnu11;
				GCC_DYNAMIC_NO_PIC = NO;
				GCC_NO_COMMON_BLOCKS = YES;
				GCC_OPTIMIZATION_LEVEL = 0;
				GCC_PREPROCESSOR_DEFINITIONS = (
					"DEBUG=1",
					"$(inherited)",
				);
				GCC_WARN_64_TO_32_BIT_CONVERSION = YES;
				GCC_WARN_ABOUT_RETURN_TYPE = YES_ERROR;
				GCC_WARN_UNDECLARED_SELECTOR = YES;
				GCC_WARN_UNINITIALIZED_AUTOS = YES_AGGRESSIVE;
				GCC_WARN_UNUSED_FUNCTION = YES;
				GCC_WARN_UNUSED_VARIABLE = YES;
				IPHONEOS_DEPLOYMENT_TARGET = 14.5;
				MTL_ENABLE_DEBUG_INFO = INCLUDE_SOURCE;
				MTL_FAST_MATH = YES;
				ONLY_ACTIVE_ARCH = YES;
				SDKROOT = iphoneos;
				SWIFT_ACTIVE_COMPILATION_CONDITIONS = DEBUG;
				SWIFT_OPTIMIZATION_LEVEL = "-Onone";
			};
			name = Debug;
		};
		F7FA088A26FCFDC100AA73D5 /* Release */ = {
			isa = XCBuildConfiguration;
			buildSettings = {
				ALWAYS_SEARCH_USER_PATHS = NO;
				CLANG_ANALYZER_NONNULL = YES;
				CLANG_ANALYZER_NUMBER_OBJECT_CONVERSION = YES_AGGRESSIVE;
				CLANG_CXX_LANGUAGE_STANDARD = "gnu++14";
				CLANG_CXX_LIBRARY = "libc++";
				CLANG_ENABLE_MODULES = YES;
				CLANG_ENABLE_OBJC_ARC = YES;
				CLANG_ENABLE_OBJC_WEAK = YES;
				CLANG_WARN_BLOCK_CAPTURE_AUTORELEASING = YES;
				CLANG_WARN_BOOL_CONVERSION = YES;
				CLANG_WARN_COMMA = YES;
				CLANG_WARN_CONSTANT_CONVERSION = YES;
				CLANG_WARN_DEPRECATED_OBJC_IMPLEMENTATIONS = YES;
				CLANG_WARN_DIRECT_OBJC_ISA_USAGE = YES_ERROR;
				CLANG_WARN_DOCUMENTATION_COMMENTS = YES;
				CLANG_WARN_EMPTY_BODY = YES;
				CLANG_WARN_ENUM_CONVERSION = YES;
				CLANG_WARN_INFINITE_RECURSION = YES;
				CLANG_WARN_INT_CONVERSION = YES;
				CLANG_WARN_NON_LITERAL_NULL_CONVERSION = YES;
				CLANG_WARN_OBJC_IMPLICIT_RETAIN_SELF = YES;
				CLANG_WARN_OBJC_LITERAL_CONVERSION = YES;
				CLANG_WARN_OBJC_ROOT_CLASS = YES_ERROR;
				CLANG_WARN_QUOTED_INCLUDE_IN_FRAMEWORK_HEADER = YES;
				CLANG_WARN_RANGE_LOOP_ANALYSIS = YES;
				CLANG_WARN_STRICT_PROTOTYPES = YES;
				CLANG_WARN_SUSPICIOUS_MOVE = YES;
				CLANG_WARN_UNGUARDED_AVAILABILITY = YES_AGGRESSIVE;
				CLANG_WARN_UNREACHABLE_CODE = YES;
				CLANG_WARN__DUPLICATE_METHOD_MATCH = YES;
				COPY_PHASE_STRIP = NO;
				DEBUG_INFORMATION_FORMAT = "dwarf-with-dsym";
				ENABLE_NS_ASSERTIONS = NO;
				ENABLE_STRICT_OBJC_MSGSEND = YES;
				GCC_C_LANGUAGE_STANDARD = gnu11;
				GCC_NO_COMMON_BLOCKS = YES;
				GCC_WARN_64_TO_32_BIT_CONVERSION = YES;
				GCC_WARN_ABOUT_RETURN_TYPE = YES_ERROR;
				GCC_WARN_UNDECLARED_SELECTOR = YES;
				GCC_WARN_UNINITIALIZED_AUTOS = YES_AGGRESSIVE;
				GCC_WARN_UNUSED_FUNCTION = YES;
				GCC_WARN_UNUSED_VARIABLE = YES;
				IPHONEOS_DEPLOYMENT_TARGET = 14.5;
				MTL_ENABLE_DEBUG_INFO = NO;
				MTL_FAST_MATH = YES;
				SDKROOT = iphoneos;
				SWIFT_COMPILATION_MODE = wholemodule;
				SWIFT_OPTIMIZATION_LEVEL = "-O";
				VALIDATE_PRODUCT = YES;
			};
			name = Release;
		};
		F7FA088C26FCFDC100AA73D5 /* Debug */ = {
			isa = XCBuildConfiguration;
			buildSettings = {
				ASSETCATALOG_COMPILER_APPICON_NAME = AppIcon;
				ASSETCATALOG_COMPILER_GLOBAL_ACCENT_COLOR_NAME = AccentColor;
				CODE_SIGN_STYLE = Automatic;
				INFOPLIST_FILE = Flix/Info.plist;
				LD_RUNPATH_SEARCH_PATHS = (
					"$(inherited)",
					"@executable_path/Frameworks",
				);
				PRODUCT_BUNDLE_IDENTIFIER = memo.com.Flix;
				PRODUCT_NAME = "$(TARGET_NAME)";
				SWIFT_VERSION = 5.0;
				TARGETED_DEVICE_FAMILY = "1,2";
			};
			name = Debug;
		};
		F7FA088D26FCFDC100AA73D5 /* Release */ = {
			isa = XCBuildConfiguration;
			buildSettings = {
				ASSETCATALOG_COMPILER_APPICON_NAME = AppIcon;
				ASSETCATALOG_COMPILER_GLOBAL_ACCENT_COLOR_NAME = AccentColor;
				CODE_SIGN_STYLE = Automatic;
				INFOPLIST_FILE = Flix/Info.plist;
				LD_RUNPATH_SEARCH_PATHS = (
					"$(inherited)",
					"@executable_path/Frameworks",
				);
				PRODUCT_BUNDLE_IDENTIFIER = memo.com.Flix;
				PRODUCT_NAME = "$(TARGET_NAME)";
				SWIFT_VERSION = 5.0;
				TARGETED_DEVICE_FAMILY = "1,2";
			};
			name = Release;
		};
		F7FA088F26FCFDC100AA73D5 /* Debug */ = {
			isa = XCBuildConfiguration;
			buildSettings = {
				ALWAYS_EMBED_SWIFT_STANDARD_LIBRARIES = YES;
				BUNDLE_LOADER = "$(TEST_HOST)";
				CODE_SIGN_STYLE = Automatic;
				INFOPLIST_FILE = FlixTests/Info.plist;
				IPHONEOS_DEPLOYMENT_TARGET = 14.5;
				LD_RUNPATH_SEARCH_PATHS = (
					"$(inherited)",
					"@executable_path/Frameworks",
					"@loader_path/Frameworks",
				);
				PRODUCT_BUNDLE_IDENTIFIER = memo.com.FlixTests;
				PRODUCT_NAME = "$(TARGET_NAME)";
				SWIFT_VERSION = 5.0;
				TARGETED_DEVICE_FAMILY = "1,2";
				TEST_HOST = "$(BUILT_PRODUCTS_DIR)/Flix.app/Flix";
			};
			name = Debug;
		};
		F7FA089026FCFDC100AA73D5 /* Release */ = {
			isa = XCBuildConfiguration;
			buildSettings = {
				ALWAYS_EMBED_SWIFT_STANDARD_LIBRARIES = YES;
				BUNDLE_LOADER = "$(TEST_HOST)";
				CODE_SIGN_STYLE = Automatic;
				INFOPLIST_FILE = FlixTests/Info.plist;
				IPHONEOS_DEPLOYMENT_TARGET = 14.5;
				LD_RUNPATH_SEARCH_PATHS = (
					"$(inherited)",
					"@executable_path/Frameworks",
					"@loader_path/Frameworks",
				);
				PRODUCT_BUNDLE_IDENTIFIER = memo.com.FlixTests;
				PRODUCT_NAME = "$(TARGET_NAME)";
				SWIFT_VERSION = 5.0;
				TARGETED_DEVICE_FAMILY = "1,2";
				TEST_HOST = "$(BUILT_PRODUCTS_DIR)/Flix.app/Flix";
			};
			name = Release;
		};
		F7FA089226FCFDC100AA73D5 /* Debug */ = {
			isa = XCBuildConfiguration;
			buildSettings = {
				ALWAYS_EMBED_SWIFT_STANDARD_LIBRARIES = YES;
				CODE_SIGN_STYLE = Automatic;
				INFOPLIST_FILE = FlixUITests/Info.plist;
				LD_RUNPATH_SEARCH_PATHS = (
					"$(inherited)",
					"@executable_path/Frameworks",
					"@loader_path/Frameworks",
				);
				PRODUCT_BUNDLE_IDENTIFIER = memo.com.FlixUITests;
				PRODUCT_NAME = "$(TARGET_NAME)";
				SWIFT_VERSION = 5.0;
				TARGETED_DEVICE_FAMILY = "1,2";
				TEST_TARGET_NAME = Flix;
			};
			name = Debug;
		};
		F7FA089326FCFDC100AA73D5 /* Release */ = {
			isa = XCBuildConfiguration;
			buildSettings = {
				ALWAYS_EMBED_SWIFT_STANDARD_LIBRARIES = YES;
				CODE_SIGN_STYLE = Automatic;
				INFOPLIST_FILE = FlixUITests/Info.plist;
				LD_RUNPATH_SEARCH_PATHS = (
					"$(inherited)",
					"@executable_path/Frameworks",
					"@loader_path/Frameworks",
				);
				PRODUCT_BUNDLE_IDENTIFIER = memo.com.FlixUITests;
				PRODUCT_NAME = "$(TARGET_NAME)";
				SWIFT_VERSION = 5.0;
				TARGETED_DEVICE_FAMILY = "1,2";
				TEST_TARGET_NAME = Flix;
			};
			name = Release;
		};
/* End XCBuildConfiguration section */

/* Begin XCConfigurationList section */
		F7FA085C26FCFDBE00AA73D5 /* Build configuration list for PBXProject "Flix" */ = {
			isa = XCConfigurationList;
			buildConfigurations = (
				F7FA088926FCFDC100AA73D5 /* Debug */,
				F7FA088A26FCFDC100AA73D5 /* Release */,
			);
			defaultConfigurationIsVisible = 0;
			defaultConfigurationName = Release;
		};
		F7FA088B26FCFDC100AA73D5 /* Build configuration list for PBXNativeTarget "Flix" */ = {
			isa = XCConfigurationList;
			buildConfigurations = (
				F7FA088C26FCFDC100AA73D5 /* Debug */,
				F7FA088D26FCFDC100AA73D5 /* Release */,
			);
			defaultConfigurationIsVisible = 0;
			defaultConfigurationName = Release;
		};
		F7FA088E26FCFDC100AA73D5 /* Build configuration list for PBXNativeTarget "FlixTests" */ = {
			isa = XCConfigurationList;
			buildConfigurations = (
				F7FA088F26FCFDC100AA73D5 /* Debug */,
				F7FA089026FCFDC100AA73D5 /* Release */,
			);
			defaultConfigurationIsVisible = 0;
			defaultConfigurationName = Release;
		};
		F7FA089126FCFDC100AA73D5 /* Build configuration list for PBXNativeTarget "FlixUITests" */ = {
			isa = XCConfigurationList;
			buildConfigurations = (
				F7FA089226FCFDC100AA73D5 /* Debug */,
				F7FA089326FCFDC100AA73D5 /* Release */,
			);
			defaultConfigurationIsVisible = 0;
			defaultConfigurationName = Release;
		};
/* End XCConfigurationList section */
	};
	rootObject = F7FA085926FCFDBE00AA73D5 /* Project object */;
}
